
Microsoft Visual Studio Solution File, Format Version 12.00
# Visual Studio Version 16
VisualStudioVersion = 16.0.30907.101
MinimumVisualStudioVersion = 10.0.40219.1
Project("{FAE04EC0-301F-11D3-BF4B-00C04F79EFBC}") = "laba6_1", "laba6_1\laba6_1.csproj", "{C03ABB46-A922-432F-B518-14FC8E341591}"
EndProject
Global
	GlobalSection(SolutionConfigurationPlatforms) = preSolution
		Debug|Any CPU = Debug|Any CPU
		Release|Any CPU = Release|Any CPU
	EndGlobalSection
	GlobalSection(ProjectConfigurationPlatforms) = postSolution
		{C03ABB46-A922-432F-B518-14FC8E341591}.Debug|Any CPU.ActiveCfg = Debug|Any CPU
		{C03ABB46-A922-432F-B518-14FC8E341591}.Debug|Any CPU.Build.0 = Debug|Any CPU
		{C03ABB46-A922-432F-B518-14FC8E341591}.Release|Any CPU.ActiveCfg = Release|Any CPU
		{C03ABB46-A922-432F-B518-14FC8E341591}.Release|Any CPU.Build.0 = Release|Any CPU
	EndGlobalSection
	GlobalSection(SolutionProperties) = preSolution
		HideSolutionNode = FALSE
	EndGlobalSection
	GlobalSection(ExtensibilityGlobals) = postSolution
		SolutionGuid = {1E3E58D4-AD56-49A6-A8B9-205A1256636B}
	EndGlobalSection
EndGlobal
